
Microsoft Visual Studio Solution File, Format Version 12.00
# Visual Studio Version 17
VisualStudioVersion = 17.10.34916.146
MinimumVisualStudioVersion = 10.0.40219.1
Project("{FAE04EC0-301F-11D3-BF4B-00C04F79EFBC}") = "VetWindows", "VetWindows\VetWindows.csproj", "{3D8D3DE9-9798-4F03-A1A7-A6A6289CBC96}"
EndProject
Project("{FAE04EC0-301F-11D3-BF4B-00C04F79EFBC}") = "VetCore", "VetCore\VetCore.csproj", "{F42C3581-7A05-4A6E-B754-62ADC0DA1B7A}"
EndProject
Project("{FAE04EC0-301F-11D3-BF4B-00C04F79EFBC}") = "VetData", "VetData\VetData.csproj", "{2AE20889-30F1-4FD5-AA77-B9836969011A}"
EndProject
Global
	GlobalSection(SolutionConfigurationPlatforms) = preSolution
		Debug|Any CPU = Debug|Any CPU
		Release|Any CPU = Release|Any CPU
	EndGlobalSection
	GlobalSection(ProjectConfigurationPlatforms) = postSolution
		{3D8D3DE9-9798-4F03-A1A7-A6A6289CBC96}.Debug|Any CPU.ActiveCfg = Debug|Any CPU
		{3D8D3DE9-9798-4F03-A1A7-A6A6289CBC96}.Debug|Any CPU.Build.0 = Debug|Any CPU
		{3D8D3DE9-9798-4F03-A1A7-A6A6289CBC96}.Release|Any CPU.ActiveCfg = Release|Any CPU
		{3D8D3DE9-9798-4F03-A1A7-A6A6289CBC96}.Release|Any CPU.Build.0 = Release|Any CPU
		{F42C3581-7A05-4A6E-B754-62ADC0DA1B7A}.Debug|Any CPU.ActiveCfg = Debug|Any CPU
		{F42C3581-7A05-4A6E-B754-62ADC0DA1B7A}.Debug|Any CPU.Build.0 = Debug|Any CPU
		{F42C3581-7A05-4A6E-B754-62ADC0DA1B7A}.Release|Any CPU.ActiveCfg = Release|Any CPU
		{F42C3581-7A05-4A6E-B754-62ADC0DA1B7A}.Release|Any CPU.Build.0 = Release|Any CPU
		{2AE20889-30F1-4FD5-AA77-B9836969011A}.Debug|Any CPU.ActiveCfg = Debug|Any CPU
		{2AE20889-30F1-4FD5-AA77-B9836969011A}.Debug|Any CPU.Build.0 = Debug|Any CPU
		{2AE20889-30F1-4FD5-AA77-B9836969011A}.Release|Any CPU.ActiveCfg = Release|Any CPU
		{2AE20889-30F1-4FD5-AA77-B9836969011A}.Release|Any CPU.Build.0 = Release|Any CPU
	EndGlobalSection
	GlobalSection(SolutionProperties) = preSolution
		HideSolutionNode = FALSE
	EndGlobalSection
	GlobalSection(ExtensibilityGlobals) = postSolution
		SolutionGuid = {F33AC54E-6838-4961-9797-ED6A593D5530}
	EndGlobalSection
EndGlobal
